
Microsoft Visual Studio Solution File, Format Version 12.00
# Visual Studio Version 16
VisualStudioVersion = 16.0.29728.190
MinimumVisualStudioVersion = 10.0.40219.1
Project("{2150E333-8FDC-42A3-9474-1A3956D46DE8}") = "Modules", "Modules", "{7D11C51E-3E9A-4B62-A2B2-5295C1AA3D7B}"
EndProject
Project("{2150E333-8FDC-42A3-9474-1A3956D46DE8}") = "Core", "Core", "{70A94D91-155D-4B64-BA7C-FB66D603C03E}"
EndProject
Project("{2150E333-8FDC-42A3-9474-1A3956D46DE8}") = "ServiceHost", "ServiceHost", "{F8BE8C2A-56A9-4513-A41A-2D1DA959CB8D}"
EndProject
Project("{2150E333-8FDC-42A3-9474-1A3956D46DE8}") = "WebHost", "WebHost", "{A47D9670-FC80-4F74-8762-9B112963B3B3}"
EndProject
Project("{FAE04EC0-301F-11D3-BF4B-00C04F79EFBC}") = "Ahedfi.Server.Host.Web", "Ahedfi.Server.Host.Web\Ahedfi.Server.Host.Web.csproj", "{6F71DA70-A495-49D9-B3F1-CBC0C83860D9}"
EndProject
Project("{9A19103F-16F7-4668-BE54-9A1E7A4F7556}") = "Ahedfi.Server.ServiceHost", "Ahedfi.Server.ServiceHost\Ahedfi.Server.ServiceHost.csproj", "{196DF9B8-6391-4B60-BA73-B59AB598827B}"
EndProject
Project("{9A19103F-16F7-4668-BE54-9A1E7A4F7556}") = "Ahedfi.Server.Core.Domain", "Ahedfi.Server.Core.Domain\Ahedfi.Server.Core.Domain.csproj", "{F086A49C-7565-4651-8422-5FE4415D8EA4}"
EndProject
Project("{9A19103F-16F7-4668-BE54-9A1E7A4F7556}") = "Ahedfi.Server.Core.Infrastructure", "Ahedfi.Server.Core.Infrastructure\Ahedfi.Server.Core.Infrastructure.csproj", "{6067CFEA-3509-48C9-A3BD-B136034B8B5F}"
EndProject
Project("{9A19103F-16F7-4668-BE54-9A1E7A4F7556}") = "Ahedfi.Server.Core.Service", "Ahedfi.Server.Core.Service\Ahedfi.Server.Core.Service.csproj", "{D68EF6A5-FB46-45EF-84C3-2920D86B2A6E}"
EndProject
Project("{9A19103F-16F7-4668-BE54-9A1E7A4F7556}") = "Ahedfi.Server.Core", "Ahedfi.Server.Core\Ahedfi.Server.Core.csproj", "{6DECFD05-31E8-4369-8EA6-B4930D8EB2A8}"
EndProject
Project("{2150E333-8FDC-42A3-9474-1A3956D46DE8}") = "Server", "Server", "{2DCBACC7-0CDF-469B-98B9-3DD5B000C8DB}"
EndProject
Project("{9A19103F-16F7-4668-BE54-9A1E7A4F7556}") = "Ahedfi.Server.Core.Web.ApiController", "Ahedfi.Server.Core.Web.ApiController\Ahedfi.Server.Core.Web.ApiController.csproj", "{A9FDF180-BC8B-486D-99A0-9E458EC14742}"
EndProject
Global
	GlobalSection(SolutionConfigurationPlatforms) = preSolution
		Debug|Any CPU = Debug|Any CPU
		Release|Any CPU = Release|Any CPU
	EndGlobalSection
	GlobalSection(ProjectConfigurationPlatforms) = postSolution
		{6F71DA70-A495-49D9-B3F1-CBC0C83860D9}.Debug|Any CPU.ActiveCfg = Debug|Any CPU
		{6F71DA70-A495-49D9-B3F1-CBC0C83860D9}.Debug|Any CPU.Build.0 = Debug|Any CPU
		{6F71DA70-A495-49D9-B3F1-CBC0C83860D9}.Release|Any CPU.ActiveCfg = Release|Any CPU
		{6F71DA70-A495-49D9-B3F1-CBC0C83860D9}.Release|Any CPU.Build.0 = Release|Any CPU
		{196DF9B8-6391-4B60-BA73-B59AB598827B}.Debug|Any CPU.ActiveCfg = Debug|Any CPU
		{196DF9B8-6391-4B60-BA73-B59AB598827B}.Debug|Any CPU.Build.0 = Debug|Any CPU
		{196DF9B8-6391-4B60-BA73-B59AB598827B}.Release|Any CPU.ActiveCfg = Release|Any CPU
		{196DF9B8-6391-4B60-BA73-B59AB598827B}.Release|Any CPU.Build.0 = Release|Any CPU
		{F086A49C-7565-4651-8422-5FE4415D8EA4}.Debug|Any CPU.ActiveCfg = Debug|Any CPU
		{F086A49C-7565-4651-8422-5FE4415D8EA4}.Debug|Any CPU.Build.0 = Debug|Any CPU
		{F086A49C-7565-4651-8422-5FE4415D8EA4}.Release|Any CPU.ActiveCfg = Release|Any CPU
		{F086A49C-7565-4651-8422-5FE4415D8EA4}.Release|Any CPU.Build.0 = Release|Any CPU
		{6067CFEA-3509-48C9-A3BD-B136034B8B5F}.Debug|Any CPU.ActiveCfg = Debug|Any CPU
		{6067CFEA-3509-48C9-A3BD-B136034B8B5F}.Debug|Any CPU.Build.0 = Debug|Any CPU
		{6067CFEA-3509-48C9-A3BD-B136034B8B5F}.Release|Any CPU.ActiveCfg = Release|Any CPU
		{6067CFEA-3509-48C9-A3BD-B136034B8B5F}.Release|Any CPU.Build.0 = Release|Any CPU
		{D68EF6A5-FB46-45EF-84C3-2920D86B2A6E}.Debug|Any CPU.ActiveCfg = Debug|Any CPU
		{D68EF6A5-FB46-45EF-84C3-2920D86B2A6E}.Debug|Any CPU.Build.0 = Debug|Any CPU
		{D68EF6A5-FB46-45EF-84C3-2920D86B2A6E}.Release|Any CPU.ActiveCfg = Release|Any CPU
		{D68EF6A5-FB46-45EF-84C3-2920D86B2A6E}.Release|Any CPU.Build.0 = Release|Any CPU
		{6DECFD05-31E8-4369-8EA6-B4930D8EB2A8}.Debug|Any CPU.ActiveCfg = Debug|Any CPU
		{6DECFD05-31E8-4369-8EA6-B4930D8EB2A8}.Debug|Any CPU.Build.0 = Debug|Any CPU
		{6DECFD05-31E8-4369-8EA6-B4930D8EB2A8}.Release|Any CPU.ActiveCfg = Release|Any CPU
		{6DECFD05-31E8-4369-8EA6-B4930D8EB2A8}.Release|Any CPU.Build.0 = Release|Any CPU
		{A9FDF180-BC8B-486D-99A0-9E458EC14742}.Debug|Any CPU.ActiveCfg = Debug|Any CPU
		{A9FDF180-BC8B-486D-99A0-9E458EC14742}.Debug|Any CPU.Build.0 = Debug|Any CPU
		{A9FDF180-BC8B-486D-99A0-9E458EC14742}.Release|Any CPU.ActiveCfg = Release|Any CPU
		{A9FDF180-BC8B-486D-99A0-9E458EC14742}.Release|Any CPU.Build.0 = Release|Any CPU
	EndGlobalSection
	GlobalSection(SolutionProperties) = preSolution
		HideSolutionNode = FALSE
	EndGlobalSection
	GlobalSection(NestedProjects) = preSolution
		{7D11C51E-3E9A-4B62-A2B2-5295C1AA3D7B} = {2DCBACC7-0CDF-469B-98B9-3DD5B000C8DB}
		{70A94D91-155D-4B64-BA7C-FB66D603C03E} = {7D11C51E-3E9A-4B62-A2B2-5295C1AA3D7B}
		{6F71DA70-A495-49D9-B3F1-CBC0C83860D9} = {A47D9670-FC80-4F74-8762-9B112963B3B3}
		{196DF9B8-6391-4B60-BA73-B59AB598827B} = {F8BE8C2A-56A9-4513-A41A-2D1DA959CB8D}
		{F086A49C-7565-4651-8422-5FE4415D8EA4} = {70A94D91-155D-4B64-BA7C-FB66D603C03E}
		{6067CFEA-3509-48C9-A3BD-B136034B8B5F} = {70A94D91-155D-4B64-BA7C-FB66D603C03E}
		{D68EF6A5-FB46-45EF-84C3-2920D86B2A6E} = {70A94D91-155D-4B64-BA7C-FB66D603C03E}
		{6DECFD05-31E8-4369-8EA6-B4930D8EB2A8} = {70A94D91-155D-4B64-BA7C-FB66D603C03E}
		{A9FDF180-BC8B-486D-99A0-9E458EC14742} = {70A94D91-155D-4B64-BA7C-FB66D603C03E}
	EndGlobalSection
	GlobalSection(ExtensibilityGlobals) = postSolution
		SolutionGuid = {42CF4868-F8F7-4B60-9106-1084BA16E242}
	EndGlobalSection
EndGlobal
